
Microsoft Visual Studio Solution File, Format Version 12.00
# Visual Studio Version 17
VisualStudioVersion = 17.12.35707.178 d17.12
MinimumVisualStudioVersion = 10.0.40219.1
Project("{FAE04EC0-301F-11D3-BF4B-00C04F79EFBC}") = "Day2p2", "Day2p2\Day2p2.csproj", "{C1E6190C-2F2E-45AC-BCDA-8837F0FBE5A8}"
EndProject
Project("{FAE04EC0-301F-11D3-BF4B-00C04F79EFBC}") = "Day2p3", "Day2p3\Day2p3.csproj", "{FF489C2A-D4BB-494A-8678-D2ABB1D3FF6B}"
EndProject
Global
	GlobalSection(SolutionConfigurationPlatforms) = preSolution
		Debug|Any CPU = Debug|Any CPU
		Release|Any CPU = Release|Any CPU
	EndGlobalSection
	GlobalSection(ProjectConfigurationPlatforms) = postSolution
		{C1E6190C-2F2E-45AC-BCDA-8837F0FBE5A8}.Debug|Any CPU.ActiveCfg = Debug|Any CPU
		{C1E6190C-2F2E-45AC-BCDA-8837F0FBE5A8}.Debug|Any CPU.Build.0 = Debug|Any CPU
		{C1E6190C-2F2E-45AC-BCDA-8837F0FBE5A8}.Release|Any CPU.ActiveCfg = Release|Any CPU
		{C1E6190C-2F2E-45AC-BCDA-8837F0FBE5A8}.Release|Any CPU.Build.0 = Release|Any CPU
		{FF489C2A-D4BB-494A-8678-D2ABB1D3FF6B}.Debug|Any CPU.ActiveCfg = Debug|Any CPU
		{FF489C2A-D4BB-494A-8678-D2ABB1D3FF6B}.Debug|Any CPU.Build.0 = Debug|Any CPU
		{FF489C2A-D4BB-494A-8678-D2ABB1D3FF6B}.Release|Any CPU.ActiveCfg = Release|Any CPU
		{FF489C2A-D4BB-494A-8678-D2ABB1D3FF6B}.Release|Any CPU.Build.0 = Release|Any CPU
	EndGlobalSection
	GlobalSection(SolutionProperties) = preSolution
		HideSolutionNode = FALSE
	EndGlobalSection
EndGlobal
